
Microsoft Visual Studio Solution File, Format Version 12.00
# Visual Studio Version 17
VisualStudioVersion = 17.9.34714.143
MinimumVisualStudioVersion = 10.0.40219.1
Project("{FAE04EC0-301F-11D3-BF4B-00C04F79EFBC}") = "TestDbClient", "TestDbClient\TestDbClient.csproj", "{C9792DF2-B315-42E9-ADE6-870F6CD8EA73}"
EndProject
Global
	GlobalSection(SolutionConfigurationPlatforms) = preSolution
		Debug|Any CPU = Debug|Any CPU
		Release|Any CPU = Release|Any CPU
	EndGlobalSection
	GlobalSection(ProjectConfigurationPlatforms) = postSolution
		{C9792DF2-B315-42E9-ADE6-870F6CD8EA73}.Debug|Any CPU.ActiveCfg = Debug|Any CPU
		{C9792DF2-B315-42E9-ADE6-870F6CD8EA73}.Debug|Any CPU.Build.0 = Debug|Any CPU
		{C9792DF2-B315-42E9-ADE6-870F6CD8EA73}.Release|Any CPU.ActiveCfg = Release|Any CPU
		{C9792DF2-B315-42E9-ADE6-870F6CD8EA73}.Release|Any CPU.Build.0 = Release|Any CPU
	EndGlobalSection
	GlobalSection(SolutionProperties) = preSolution
		HideSolutionNode = FALSE
	EndGlobalSection
	GlobalSection(ExtensibilityGlobals) = postSolution
		SolutionGuid = {EAC97AF2-8B7E-4B23-A5CC-F380E78C4596}
	EndGlobalSection
EndGlobal
