
Microsoft Visual Studio Solution File, Format Version 12.00
# Visual Studio Version 17
VisualStudioVersion = 17.9.34616.47
MinimumVisualStudioVersion = 10.0.40219.1
Project("{FAE04EC0-301F-11D3-BF4B-00C04F79EFBC}") = "MLWD5", "MLWD5\MLWD5.csproj", "{98971272-409C-472D-B893-1AD316B7E02E}"
EndProject
Project("{FAE04EC0-301F-11D3-BF4B-00C04F79EFBC}") = "Domain", "Domain\Domain.csproj", "{701ECAE7-6BBF-4BC1-8FA1-26F165DCA8C9}"
EndProject
Project("{FAE04EC0-301F-11D3-BF4B-00C04F79EFBC}") = "Application", "Application\Application.csproj", "{E32445E4-3F46-45CB-A18D-4A128D78EDB7}"
EndProject
Project("{FAE04EC0-301F-11D3-BF4B-00C04F79EFBC}") = "Persistense", "Persistense\Persistense.csproj", "{85F52B55-8FBE-43B8-9539-CCF7C7B41E4B}"
EndProject
Global
	GlobalSection(SolutionConfigurationPlatforms) = preSolution
		Debug|Any CPU = Debug|Any CPU
		Release|Any CPU = Release|Any CPU
	EndGlobalSection
	GlobalSection(ProjectConfigurationPlatforms) = postSolution
		{98971272-409C-472D-B893-1AD316B7E02E}.Debug|Any CPU.ActiveCfg = Debug|Any CPU
		{98971272-409C-472D-B893-1AD316B7E02E}.Debug|Any CPU.Build.0 = Debug|Any CPU
		{98971272-409C-472D-B893-1AD316B7E02E}.Debug|Any CPU.Deploy.0 = Debug|Any CPU
		{98971272-409C-472D-B893-1AD316B7E02E}.Release|Any CPU.ActiveCfg = Release|Any CPU
		{98971272-409C-472D-B893-1AD316B7E02E}.Release|Any CPU.Build.0 = Release|Any CPU
		{98971272-409C-472D-B893-1AD316B7E02E}.Release|Any CPU.Deploy.0 = Release|Any CPU
		{701ECAE7-6BBF-4BC1-8FA1-26F165DCA8C9}.Debug|Any CPU.ActiveCfg = Debug|Any CPU
		{701ECAE7-6BBF-4BC1-8FA1-26F165DCA8C9}.Debug|Any CPU.Build.0 = Debug|Any CPU
		{701ECAE7-6BBF-4BC1-8FA1-26F165DCA8C9}.Release|Any CPU.ActiveCfg = Release|Any CPU
		{701ECAE7-6BBF-4BC1-8FA1-26F165DCA8C9}.Release|Any CPU.Build.0 = Release|Any CPU
		{E32445E4-3F46-45CB-A18D-4A128D78EDB7}.Debug|Any CPU.ActiveCfg = Debug|Any CPU
		{E32445E4-3F46-45CB-A18D-4A128D78EDB7}.Debug|Any CPU.Build.0 = Debug|Any CPU
		{E32445E4-3F46-45CB-A18D-4A128D78EDB7}.Release|Any CPU.ActiveCfg = Release|Any CPU
		{E32445E4-3F46-45CB-A18D-4A128D78EDB7}.Release|Any CPU.Build.0 = Release|Any CPU
		{85F52B55-8FBE-43B8-9539-CCF7C7B41E4B}.Debug|Any CPU.ActiveCfg = Debug|Any CPU
		{85F52B55-8FBE-43B8-9539-CCF7C7B41E4B}.Debug|Any CPU.Build.0 = Debug|Any CPU
		{85F52B55-8FBE-43B8-9539-CCF7C7B41E4B}.Release|Any CPU.ActiveCfg = Release|Any CPU
		{85F52B55-8FBE-43B8-9539-CCF7C7B41E4B}.Release|Any CPU.Build.0 = Release|Any CPU
	EndGlobalSection
	GlobalSection(SolutionProperties) = preSolution
		HideSolutionNode = FALSE
	EndGlobalSection
	GlobalSection(ExtensibilityGlobals) = postSolution
		SolutionGuid = {781374A3-CD6B-4DB7-A873-F0EB46C875CD}
	EndGlobalSection
EndGlobal
